
Microsoft Visual Studio Solution File, Format Version 12.00
# Visual Studio Version 17
VisualStudioVersion = 17.10.35013.160
MinimumVisualStudioVersion = 10.0.40219.1
Project("{FAE04EC0-301F-11D3-BF4B-00C04F79EFBC}") = "Gui", "Gui\Gui.csproj", "{AB1992D8-25DD-472B-AB31-32DF8B0DC474}"
EndProject
Project("{9A19103F-16F7-4668-BE54-9A1E7A4F7556}") = "Monogame.ImGuiNet", "MonoGame.ImGuiNet-main\MonoGame.ImGuiNet-main\MonoGame.ImGuiNet\Monogame.ImGuiNet.csproj", "{98B61C4B-225B-45B8-A689-14B3595D1BC2}"
EndProject
Global
	GlobalSection(SolutionConfigurationPlatforms) = preSolution
		Debug|Any CPU = Debug|Any CPU
		Release|Any CPU = Release|Any CPU
	EndGlobalSection
	GlobalSection(ProjectConfigurationPlatforms) = postSolution
		{AB1992D8-25DD-472B-AB31-32DF8B0DC474}.Debug|Any CPU.ActiveCfg = Debug|Any CPU
		{AB1992D8-25DD-472B-AB31-32DF8B0DC474}.Debug|Any CPU.Build.0 = Debug|Any CPU
		{AB1992D8-25DD-472B-AB31-32DF8B0DC474}.Release|Any CPU.ActiveCfg = Release|Any CPU
		{AB1992D8-25DD-472B-AB31-32DF8B0DC474}.Release|Any CPU.Build.0 = Release|Any CPU
		{98B61C4B-225B-45B8-A689-14B3595D1BC2}.Debug|Any CPU.ActiveCfg = Debug|Any CPU
		{98B61C4B-225B-45B8-A689-14B3595D1BC2}.Debug|Any CPU.Build.0 = Debug|Any CPU
		{98B61C4B-225B-45B8-A689-14B3595D1BC2}.Release|Any CPU.ActiveCfg = Release|Any CPU
		{98B61C4B-225B-45B8-A689-14B3595D1BC2}.Release|Any CPU.Build.0 = Release|Any CPU
	EndGlobalSection
	GlobalSection(SolutionProperties) = preSolution
		HideSolutionNode = FALSE
	EndGlobalSection
	GlobalSection(ExtensibilityGlobals) = postSolution
		SolutionGuid = {0E4061F2-1B2F-4B26-9734-DE1BF251803C}
	EndGlobalSection
EndGlobal
